
Microsoft Visual Studio Solution File, Format Version 12.00
# Visual Studio Version 16
VisualStudioVersion = 16.0.30225.117
MinimumVisualStudioVersion = 10.0.40219.1
Project("{FAE04EC0-301F-11D3-BF4B-00C04F79EFBC}") = "robot_ver6_Urolog", "robot_ver5\robot_ver6_Urolog.csproj", "{BD681870-94AE-49EE-9076-86030A29CC8A}"
EndProject
Project("{FAE04EC0-301F-11D3-BF4B-00C04F79EFBC}") = "RoboKinematics", "..\..\RoboKine\RoboKinematics\RoboKinematics.csproj", "{5FF39CEC-E1EC-4FAB-8BD8-16BF336DBB06}"
EndProject
Global
	GlobalSection(SolutionConfigurationPlatforms) = preSolution
		Debug|Any CPU = Debug|Any CPU
		Release|Any CPU = Release|Any CPU
	EndGlobalSection
	GlobalSection(ProjectConfigurationPlatforms) = postSolution
		{BD681870-94AE-49EE-9076-86030A29CC8A}.Debug|Any CPU.ActiveCfg = Debug|Any CPU
		{BD681870-94AE-49EE-9076-86030A29CC8A}.Debug|Any CPU.Build.0 = Debug|Any CPU
		{BD681870-94AE-49EE-9076-86030A29CC8A}.Release|Any CPU.ActiveCfg = Release|Any CPU
		{BD681870-94AE-49EE-9076-86030A29CC8A}.Release|Any CPU.Build.0 = Release|Any CPU
		{5FF39CEC-E1EC-4FAB-8BD8-16BF336DBB06}.Debug|Any CPU.ActiveCfg = Debug|Any CPU
		{5FF39CEC-E1EC-4FAB-8BD8-16BF336DBB06}.Debug|Any CPU.Build.0 = Debug|Any CPU
		{5FF39CEC-E1EC-4FAB-8BD8-16BF336DBB06}.Release|Any CPU.ActiveCfg = Release|Any CPU
		{5FF39CEC-E1EC-4FAB-8BD8-16BF336DBB06}.Release|Any CPU.Build.0 = Release|Any CPU
	EndGlobalSection
	GlobalSection(SolutionProperties) = preSolution
		HideSolutionNode = FALSE
	EndGlobalSection
	GlobalSection(ExtensibilityGlobals) = postSolution
		SolutionGuid = {4CB2D4E5-CC7D-415C-8BC0-850331A307E1}
	EndGlobalSection
EndGlobal
